// !$*UTF8*$!
{
	archiveVersion = 1;
	classes = {
	};
	objectVersion = 56;
	objects = {

/* Begin PBXBuildFile section */
		152E0A5C2BDB02760052C6EB /* TMMovieGalleryInteractor.h in Headers */ = {isa = PBXBuildFile; fileRef = 152E0A5A2BDB02760052C6EB /* TMMovieGalleryInteractor.h */; };
		152E0A5D2BDB02760052C6EB /* TMMovieGalleryInteractor.m in Sources */ = {isa = PBXBuildFile; fileRef = 152E0A5B2BDB02760052C6EB /* TMMovieGalleryInteractor.m */; };
		152E0A602BDB045C0052C6EB /* TheMovieAPI.framework in Frameworks */ = {isa = PBXBuildFile; fileRef = 152E0A5F2BDB045C0052C6EB /* TheMovieAPI.framework */; };
		152E0A642BDB04610052C6EB /* TheMovieCore.framework in Frameworks */ = {isa = PBXBuildFile; fileRef = 152E0A632BDB04610052C6EB /* TheMovieCore.framework */; };
		152E0A792BDB6C4F0052C6EB /* TMMovieGalleryViewController.h in Headers */ = {isa = PBXBuildFile; fileRef = 152E0A772BDB6C4F0052C6EB /* TMMovieGalleryViewController.h */; };
		152E0A7A2BDB6C4F0052C6EB /* TMMovieGalleryViewController.m in Sources */ = {isa = PBXBuildFile; fileRef = 152E0A782BDB6C4F0052C6EB /* TMMovieGalleryViewController.m */; };
		152E0A7E2BDB6D2E0052C6EB /* TMMovieGalleryModule.h in Headers */ = {isa = PBXBuildFile; fileRef = 152E0A7C2BDB6D2E0052C6EB /* TMMovieGalleryModule.h */; settings = {ATTRIBUTES = (Public, ); }; };
		152E0A7F2BDB6D2E0052C6EB /* TMMovieGalleryModule.m in Sources */ = {isa = PBXBuildFile; fileRef = 152E0A7D2BDB6D2E0052C6EB /* TMMovieGalleryModule.m */; };
		152E0A812BDB6D720052C6EB /* TMMovieGalleryProtocols.h in Headers */ = {isa = PBXBuildFile; fileRef = 152E0A802BDB6D720052C6EB /* TMMovieGalleryProtocols.h */; };
		152E0A842BDB6EF20052C6EB /* TMMovieGalleryRouter.h in Headers */ = {isa = PBXBuildFile; fileRef = 152E0A822BDB6EF20052C6EB /* TMMovieGalleryRouter.h */; };
		152E0A852BDB6EF20052C6EB /* TMMovieGalleryRouter.m in Sources */ = {isa = PBXBuildFile; fileRef = 152E0A832BDB6EF20052C6EB /* TMMovieGalleryRouter.m */; };
		152E0A882BDB6EFB0052C6EB /* TMMovieGalleryPresenter.h in Headers */ = {isa = PBXBuildFile; fileRef = 152E0A862BDB6EFB0052C6EB /* TMMovieGalleryPresenter.h */; };
		152E0A892BDB6EFB0052C6EB /* TMMovieGalleryPresenter.m in Sources */ = {isa = PBXBuildFile; fileRef = 152E0A872BDB6EFB0052C6EB /* TMMovieGalleryPresenter.m */; };
		152E0A8C2BDB6F270052C6EB /* TMMovieGalleryCell.h in Headers */ = {isa = PBXBuildFile; fileRef = 152E0A8A2BDB6F270052C6EB /* TMMovieGalleryCell.h */; };
		152E0A8D2BDB6F270052C6EB /* TMMovieGalleryCell.m in Sources */ = {isa = PBXBuildFile; fileRef = 152E0A8B2BDB6F270052C6EB /* TMMovieGalleryCell.m */; };
		152E0A912BDB71150052C6EB /* TheMovieKit.storyboard in Resources */ = {isa = PBXBuildFile; fileRef = 152E0A8F2BDB71150052C6EB /* TheMovieKit.storyboard */; };
		156A82412BEDA3C7002D6E4B /* TMMovieDataProvider.h in Headers */ = {isa = PBXBuildFile; fileRef = 156A82402BEDA3C7002D6E4B /* TMMovieDataProvider.h */; };
		156A82442BEDA464002D6E4B /* MANetworkManager+TheMovieKit.h in Headers */ = {isa = PBXBuildFile; fileRef = 156A82432BEDA464002D6E4B /* MANetworkManager+TheMovieKit.h */; };
		156A82472BEDA92B002D6E4B /* TMMovieConfiguration.h in Headers */ = {isa = PBXBuildFile; fileRef = 156A82452BEDA92B002D6E4B /* TMMovieConfiguration.h */; };
		156A82482BEDA92B002D6E4B /* TMMovieConfiguration.m in Sources */ = {isa = PBXBuildFile; fileRef = 156A82462BEDA92B002D6E4B /* TMMovieConfiguration.m */; };
		156A824B2BEDAACE002D6E4B /* TMMoviePagination.h in Headers */ = {isa = PBXBuildFile; fileRef = 156A82492BEDAACE002D6E4B /* TMMoviePagination.h */; };
		156A824C2BEDAACE002D6E4B /* TMMoviePagination.m in Sources */ = {isa = PBXBuildFile; fileRef = 156A824A2BEDAACE002D6E4B /* TMMoviePagination.m */; };
		156A824F2BEDAC9E002D6E4B /* TMMovieList.h in Headers */ = {isa = PBXBuildFile; fileRef = 156A824D2BEDAC9E002D6E4B /* TMMovieList.h */; };
		156A82502BEDAC9E002D6E4B /* TMMovieList.m in Sources */ = {isa = PBXBuildFile; fileRef = 156A824E2BEDAC9E002D6E4B /* TMMovieList.m */; };
		15CB1A2E2BDA4CB8007E6627 /* TheMovieKit.docc in Sources */ = {isa = PBXBuildFile; fileRef = 15CB1A2D2BDA4CB8007E6627 /* TheMovieKit.docc */; };
		15CB1A342BDA4CB8007E6627 /* TheMovieKit.framework in Frameworks */ = {isa = PBXBuildFile; fileRef = 15CB1A292BDA4CB8007E6627 /* TheMovieKit.framework */; };
		15CB1A392BDA4CB8007E6627 /* TheMovieKitTests.m in Sources */ = {isa = PBXBuildFile; fileRef = 15CB1A382BDA4CB8007E6627 /* TheMovieKitTests.m */; };
		15CB1A3A2BDA4CB8007E6627 /* TheMovieKit.h in Headers */ = {isa = PBXBuildFile; fileRef = 15CB1A2C2BDA4CB8007E6627 /* TheMovieKit.h */; settings = {ATTRIBUTES = (Public, ); }; };
		15E18FB12BDC800800C60B61 /* NetworkKit.framework in Frameworks */ = {isa = PBXBuildFile; fileRef = 15E18FB02BDC800800C60B61 /* NetworkKit.framework */; };
		15E399F92BDC163B006D53DD /* TMMovieGalleryLayout.h in Headers */ = {isa = PBXBuildFile; fileRef = 15E399F72BDC163B006D53DD /* TMMovieGalleryLayout.h */; };
		15E399FA2BDC163B006D53DD /* TMMovieGalleryLayout.m in Sources */ = {isa = PBXBuildFile; fileRef = 15E399F82BDC163B006D53DD /* TMMovieGalleryLayout.m */; };
/* End PBXBuildFile section */

/* Begin PBXContainerItemProxy section */
		15CB1A352BDA4CB8007E6627 /* PBXContainerItemProxy */ = {
			isa = PBXContainerItemProxy;
			containerPortal = 15CB1A202BDA4CB8007E6627 /* Project object */;
			proxyType = 1;
			remoteGlobalIDString = 15CB1A282BDA4CB8007E6627;
			remoteInfo = TheMovieKit;
		};
/* End PBXContainerItemProxy section */

/* Begin PBXFileReference section */
		152E0A5A2BDB02760052C6EB /* TMMovieGalleryInteractor.h */ = {isa = PBXFileReference; lastKnownFileType = sourcecode.c.h; path = TMMovieGalleryInteractor.h; sourceTree = "<group>"; };
		152E0A5B2BDB02760052C6EB /* TMMovieGalleryInteractor.m */ = {isa = PBXFileReference; lastKnownFileType = sourcecode.c.objc; path = TMMovieGalleryInteractor.m; sourceTree = "<group>"; };
		152E0A5F2BDB045C0052C6EB /* TheMovieAPI.framework */ = {isa = PBXFileReference; explicitFileType = wrapper.framework; path = TheMovieAPI.framework; sourceTree = BUILT_PRODUCTS_DIR; };
		152E0A632BDB04610052C6EB /* TheMovieCore.framework */ = {isa = PBXFileReference; explicitFileType = wrapper.framework; path = TheMovieCore.framework; sourceTree = BUILT_PRODUCTS_DIR; };
		152E0A772BDB6C4F0052C6EB /* TMMovieGalleryViewController.h */ = {isa = PBXFileReference; lastKnownFileType = sourcecode.c.h; path = TMMovieGalleryViewController.h; sourceTree = "<group>"; };
		152E0A782BDB6C4F0052C6EB /* TMMovieGalleryViewController.m */ = {isa = PBXFileReference; lastKnownFileType = sourcecode.c.objc; path = TMMovieGalleryViewController.m; sourceTree = "<group>"; };
		152E0A7C2BDB6D2E0052C6EB /* TMMovieGalleryModule.h */ = {isa = PBXFileReference; lastKnownFileType = sourcecode.c.h; path = TMMovieGalleryModule.h; sourceTree = "<group>"; };
		152E0A7D2BDB6D2E0052C6EB /* TMMovieGalleryModule.m */ = {isa = PBXFileReference; lastKnownFileType = sourcecode.c.objc; path = TMMovieGalleryModule.m; sourceTree = "<group>"; };
		152E0A802BDB6D720052C6EB /* TMMovieGalleryProtocols.h */ = {isa = PBXFileReference; lastKnownFileType = sourcecode.c.h; path = TMMovieGalleryProtocols.h; sourceTree = "<group>"; };
		152E0A822BDB6EF20052C6EB /* TMMovieGalleryRouter.h */ = {isa = PBXFileReference; lastKnownFileType = sourcecode.c.h; path = TMMovieGalleryRouter.h; sourceTree = "<group>"; };
		152E0A832BDB6EF20052C6EB /* TMMovieGalleryRouter.m */ = {isa = PBXFileReference; lastKnownFileType = sourcecode.c.objc; path = TMMovieGalleryRouter.m; sourceTree = "<group>"; };
		152E0A862BDB6EFB0052C6EB /* TMMovieGalleryPresenter.h */ = {isa = PBXFileReference; lastKnownFileType = sourcecode.c.h; path = TMMovieGalleryPresenter.h; sourceTree = "<group>"; };
		152E0A872BDB6EFB0052C6EB /* TMMovieGalleryPresenter.m */ = {isa = PBXFileReference; lastKnownFileType = sourcecode.c.objc; path = TMMovieGalleryPresenter.m; sourceTree = "<group>"; };
		152E0A8A2BDB6F270052C6EB /* TMMovieGalleryCell.h */ = {isa = PBXFileReference; lastKnownFileType = sourcecode.c.h; path = TMMovieGalleryCell.h; sourceTree = "<group>"; };
		152E0A8B2BDB6F270052C6EB /* TMMovieGalleryCell.m */ = {isa = PBXFileReference; lastKnownFileType = sourcecode.c.objc; path = TMMovieGalleryCell.m; sourceTree = "<group>"; };
		152E0A902BDB71150052C6EB /* Base */ = {isa = PBXFileReference; lastKnownFileType = file.storyboard; name = Base; path = Base.lproj/TheMovieKit.storyboard; sourceTree = "<group>"; };
		156A82402BEDA3C7002D6E4B /* TMMovieDataProvider.h */ = {isa = PBXFileReference; lastKnownFileType = sourcecode.c.h; path = TMMovieDataProvider.h; sourceTree = "<group>"; };
		156A82432BEDA464002D6E4B /* MANetworkManager+TheMovieKit.h */ = {isa = PBXFileReference; lastKnownFileType = sourcecode.c.h; path = "MANetworkManager+TheMovieKit.h"; sourceTree = "<group>"; };
		156A82452BEDA92B002D6E4B /* TMMovieConfiguration.h */ = {isa = PBXFileReference; lastKnownFileType = sourcecode.c.h; path = TMMovieConfiguration.h; sourceTree = "<group>"; };
		156A82462BEDA92B002D6E4B /* TMMovieConfiguration.m */ = {isa = PBXFileReference; lastKnownFileType = sourcecode.c.objc; path = TMMovieConfiguration.m; sourceTree = "<group>"; };
		156A82492BEDAACE002D6E4B /* TMMoviePagination.h */ = {isa = PBXFileReference; lastKnownFileType = sourcecode.c.h; path = TMMoviePagination.h; sourceTree = "<group>"; };
		156A824A2BEDAACE002D6E4B /* TMMoviePagination.m */ = {isa = PBXFileReference; lastKnownFileType = sourcecode.c.objc; path = TMMoviePagination.m; sourceTree = "<group>"; };
		156A824D2BEDAC9E002D6E4B /* TMMovieList.h */ = {isa = PBXFileReference; lastKnownFileType = sourcecode.c.h; path = TMMovieList.h; sourceTree = "<group>"; };
		156A824E2BEDAC9E002D6E4B /* TMMovieList.m */ = {isa = PBXFileReference; lastKnownFileType = sourcecode.c.objc; path = TMMovieList.m; sourceTree = "<group>"; };
		15CB1A292BDA4CB8007E6627 /* TheMovieKit.framework */ = {isa = PBXFileReference; explicitFileType = wrapper.framework; includeInIndex = 0; path = TheMovieKit.framework; sourceTree = BUILT_PRODUCTS_DIR; };
		15CB1A2C2BDA4CB8007E6627 /* TheMovieKit.h */ = {isa = PBXFileReference; lastKnownFileType = sourcecode.c.h; path = TheMovieKit.h; sourceTree = "<group>"; };
		15CB1A2D2BDA4CB8007E6627 /* TheMovieKit.docc */ = {isa = PBXFileReference; lastKnownFileType = folder.documentationcatalog; path = TheMovieKit.docc; sourceTree = "<group>"; };
		15CB1A332BDA4CB8007E6627 /* TheMovieKitTests.xctest */ = {isa = PBXFileReference; explicitFileType = wrapper.cfbundle; includeInIndex = 0; path = TheMovieKitTests.xctest; sourceTree = BUILT_PRODUCTS_DIR; };
		15CB1A382BDA4CB8007E6627 /* TheMovieKitTests.m */ = {isa = PBXFileReference; lastKnownFileType = sourcecode.c.objc; path = TheMovieKitTests.m; sourceTree = "<group>"; };
		15CB1A4D2BDA4CDA007E6627 /* TheMovieKit-debug.xcconfig */ = {isa = PBXFileReference; lastKnownFileType = text.xcconfig; path = "TheMovieKit-debug.xcconfig"; sourceTree = "<group>"; };
		15CB1A4E2BDA4CDA007E6627 /* TheMovieKit-release.xcconfig */ = {isa = PBXFileReference; lastKnownFileType = text.xcconfig; path = "TheMovieKit-release.xcconfig"; sourceTree = "<group>"; };
		15E18FB02BDC800800C60B61 /* NetworkKit.framework */ = {isa = PBXFileReference; explicitFileType = wrapper.framework; path = NetworkKit.framework; sourceTree = BUILT_PRODUCTS_DIR; };
		15E399F72BDC163B006D53DD /* TMMovieGalleryLayout.h */ = {isa = PBXFileReference; lastKnownFileType = sourcecode.c.h; path = TMMovieGalleryLayout.h; sourceTree = "<group>"; };
		15E399F82BDC163B006D53DD /* TMMovieGalleryLayout.m */ = {isa = PBXFileReference; lastKnownFileType = sourcecode.c.objc; path = TMMovieGalleryLayout.m; sourceTree = "<group>"; };
/* End PBXFileReference section */

/* Begin PBXFrameworksBuildPhase section */
		15CB1A262BDA4CB8007E6627 /* Frameworks */ = {
			isa = PBXFrameworksBuildPhase;
			buildActionMask = 2147483647;
			files = (
				152E0A642BDB04610052C6EB /* TheMovieCore.framework in Frameworks */,
				152E0A602BDB045C0052C6EB /* TheMovieAPI.framework in Frameworks */,
				15E18FB12BDC800800C60B61 /* NetworkKit.framework in Frameworks */,
			);
			runOnlyForDeploymentPostprocessing = 0;
		};
		15CB1A302BDA4CB8007E6627 /* Frameworks */ = {
			isa = PBXFrameworksBuildPhase;
			buildActionMask = 2147483647;
			files = (
				15CB1A342BDA4CB8007E6627 /* TheMovieKit.framework in Frameworks */,
			);
			runOnlyForDeploymentPostprocessing = 0;
		};
/* End PBXFrameworksBuildPhase section */

/* Begin PBXGroup section */
		152E0A5E2BDB045C0052C6EB /* Frameworks */ = {
			isa = PBXGroup;
			children = (
				15E18FB02BDC800800C60B61 /* NetworkKit.framework */,
				152E0A632BDB04610052C6EB /* TheMovieCore.framework */,
				152E0A5F2BDB045C0052C6EB /* TheMovieAPI.framework */,
			);
			name = Frameworks;
			sourceTree = "<group>";
		};
		152E0A752BDB6C020052C6EB /* Screens */ = {
			isa = PBXGroup;
			children = (
				152E0A762BDB6C230052C6EB /* MovieGallery */,
			);
			path = Screens;
			sourceTree = "<group>";
		};
		152E0A762BDB6C230052C6EB /* MovieGallery */ = {
			isa = PBXGroup;
			children = (
				152E0A7C2BDB6D2E0052C6EB /* TMMovieGalleryModule.h */,
				152E0A7D2BDB6D2E0052C6EB /* TMMovieGalleryModule.m */,
				152E0A802BDB6D720052C6EB /* TMMovieGalleryProtocols.h */,
				152E0A5A2BDB02760052C6EB /* TMMovieGalleryInteractor.h */,
				152E0A5B2BDB02760052C6EB /* TMMovieGalleryInteractor.m */,
				152E0A822BDB6EF20052C6EB /* TMMovieGalleryRouter.h */,
				152E0A832BDB6EF20052C6EB /* TMMovieGalleryRouter.m */,
				152E0A862BDB6EFB0052C6EB /* TMMovieGalleryPresenter.h */,
				152E0A872BDB6EFB0052C6EB /* TMMovieGalleryPresenter.m */,
				152E0A8A2BDB6F270052C6EB /* TMMovieGalleryCell.h */,
				152E0A8B2BDB6F270052C6EB /* TMMovieGalleryCell.m */,
				15E399F72BDC163B006D53DD /* TMMovieGalleryLayout.h */,
				15E399F82BDC163B006D53DD /* TMMovieGalleryLayout.m */,
				152E0A772BDB6C4F0052C6EB /* TMMovieGalleryViewController.h */,
				152E0A782BDB6C4F0052C6EB /* TMMovieGalleryViewController.m */,
			);
			path = MovieGallery;
			sourceTree = "<group>";
		};
		152E0A8E2BDB71150052C6EB /* Storyboards */ = {
			isa = PBXGroup;
			children = (
				152E0A8F2BDB71150052C6EB /* TheMovieKit.storyboard */,
			);
			path = Storyboards;
			sourceTree = "<group>";
		};
		156A82392BED9162002D6E4B /* Models */ = {
			isa = PBXGroup;
			children = (
				156A82452BEDA92B002D6E4B /* TMMovieConfiguration.h */,
				156A82462BEDA92B002D6E4B /* TMMovieConfiguration.m */,
				156A82492BEDAACE002D6E4B /* TMMoviePagination.h */,
				156A824A2BEDAACE002D6E4B /* TMMoviePagination.m */,
				156A824D2BEDAC9E002D6E4B /* TMMovieList.h */,
				156A824E2BEDAC9E002D6E4B /* TMMovieList.m */,
			);
			path = Models;
			sourceTree = "<group>";
		};
		156A823F2BEDA33B002D6E4B /* Protocols */ = {
			isa = PBXGroup;
			children = (
				156A82402BEDA3C7002D6E4B /* TMMovieDataProvider.h */,
			);
			path = Protocols;
			sourceTree = "<group>";
		};
		156A82422BEDA3DE002D6E4B /* Extensions */ = {
			isa = PBXGroup;
			children = (
				156A82432BEDA464002D6E4B /* MANetworkManager+TheMovieKit.h */,
			);
			path = Extensions;
			sourceTree = "<group>";
		};
		15CB1A1F2BDA4CB8007E6627 = {
			isa = PBXGroup;
			children = (
				15CB1A4C2BDA4CDA007E6627 /* Configuration */,
				15CB1A2B2BDA4CB8007E6627 /* TheMovieKit */,
				15CB1A372BDA4CB8007E6627 /* TheMovieKitTests */,
				15CB1A2A2BDA4CB8007E6627 /* Products */,
				152E0A5E2BDB045C0052C6EB /* Frameworks */,
			);
			sourceTree = "<group>";
		};
		15CB1A2A2BDA4CB8007E6627 /* Products */ = {
			isa = PBXGroup;
			children = (
				15CB1A292BDA4CB8007E6627 /* TheMovieKit.framework */,
				15CB1A332BDA4CB8007E6627 /* TheMovieKitTests.xctest */,
			);
			name = Products;
			sourceTree = "<group>";
		};
		15CB1A2B2BDA4CB8007E6627 /* TheMovieKit */ = {
			isa = PBXGroup;
			children = (
				15CB1A4F2BDA4D01007E6627 /* Classes */,
				15CB1A502BDA4D17007E6627 /* Resources */,
			);
			path = TheMovieKit;
			sourceTree = "<group>";
		};
		15CB1A372BDA4CB8007E6627 /* TheMovieKitTests */ = {
			isa = PBXGroup;
			children = (
				15CB1A382BDA4CB8007E6627 /* TheMovieKitTests.m */,
			);
			path = TheMovieKitTests;
			sourceTree = "<group>";
		};
		15CB1A4C2BDA4CDA007E6627 /* Configuration */ = {
			isa = PBXGroup;
			children = (
				15CB1A4E2BDA4CDA007E6627 /* TheMovieKit-release.xcconfig */,
				15CB1A4D2BDA4CDA007E6627 /* TheMovieKit-debug.xcconfig */,
			);
			path = Configuration;
			sourceTree = "<group>";
		};
		15CB1A4F2BDA4D01007E6627 /* Classes */ = {
			isa = PBXGroup;
			children = (
				15CB1A2C2BDA4CB8007E6627 /* TheMovieKit.h */,
				156A82422BEDA3DE002D6E4B /* Extensions */,
				156A82392BED9162002D6E4B /* Models */,
				156A823F2BEDA33B002D6E4B /* Protocols */,
				152E0A752BDB6C020052C6EB /* Screens */,
			);
			path = Classes;
			sourceTree = "<group>";
		};
		15CB1A502BDA4D17007E6627 /* Resources */ = {
			isa = PBXGroup;
			children = (
				152E0A8E2BDB71150052C6EB /* Storyboards */,
				15CB1A2D2BDA4CB8007E6627 /* TheMovieKit.docc */,
			);
			path = Resources;
			sourceTree = "<group>";
		};
/* End PBXGroup section */

/* Begin PBXHeadersBuildPhase section */
		15CB1A242BDA4CB8007E6627 /* Headers */ = {
			isa = PBXHeadersBuildPhase;
			buildActionMask = 2147483647;
			files = (
				152E0A812BDB6D720052C6EB /* TMMovieGalleryProtocols.h in Headers */,
				156A82412BEDA3C7002D6E4B /* TMMovieDataProvider.h in Headers */,
				15CB1A3A2BDA4CB8007E6627 /* TheMovieKit.h in Headers */,
				152E0A5C2BDB02760052C6EB /* TMMovieGalleryInteractor.h in Headers */,
				152E0A8C2BDB6F270052C6EB /* TMMovieGalleryCell.h in Headers */,
				152E0A882BDB6EFB0052C6EB /* TMMovieGalleryPresenter.h in Headers */,
				15E399F92BDC163B006D53DD /* TMMovieGalleryLayout.h in Headers */,
				152E0A792BDB6C4F0052C6EB /* TMMovieGalleryViewController.h in Headers */,
				156A824F2BEDAC9E002D6E4B /* TMMovieList.h in Headers */,
				152E0A842BDB6EF20052C6EB /* TMMovieGalleryRouter.h in Headers */,
				156A824B2BEDAACE002D6E4B /* TMMoviePagination.h in Headers */,
				156A82472BEDA92B002D6E4B /* TMMovieConfiguration.h in Headers */,
				152E0A7E2BDB6D2E0052C6EB /* TMMovieGalleryModule.h in Headers */,
				156A82442BEDA464002D6E4B /* MANetworkManager+TheMovieKit.h in Headers */,
			);
			runOnlyForDeploymentPostprocessing = 0;
		};
/* End PBXHeadersBuildPhase section */

/* Begin PBXNativeTarget section */
		15CB1A282BDA4CB8007E6627 /* TheMovieKit */ = {
			isa = PBXNativeTarget;
			buildConfigurationList = 15CB1A3D2BDA4CB8007E6627 /* Build configuration list for PBXNativeTarget "TheMovieKit" */;
			buildPhases = (
				15CB1A242BDA4CB8007E6627 /* Headers */,
				15CB1A252BDA4CB8007E6627 /* Sources */,
				15CB1A262BDA4CB8007E6627 /* Frameworks */,
				15CB1A272BDA4CB8007E6627 /* Resources */,
			);
			buildRules = (
			);
			dependencies = (
			);
			name = TheMovieKit;
			productName = TheMovieKit;
			productReference = 15CB1A292BDA4CB8007E6627 /* TheMovieKit.framework */;
			productType = "com.apple.product-type.framework";
		};
		15CB1A322BDA4CB8007E6627 /* TheMovieKitTests */ = {
			isa = PBXNativeTarget;
			buildConfigurationList = 15CB1A402BDA4CB8007E6627 /* Build configuration list for PBXNativeTarget "TheMovieKitTests" */;
			buildPhases = (
				15CB1A2F2BDA4CB8007E6627 /* Sources */,
				15CB1A302BDA4CB8007E6627 /* Frameworks */,
				15CB1A312BDA4CB8007E6627 /* Resources */,
			);
			buildRules = (
			);
			dependencies = (
				15CB1A362BDA4CB8007E6627 /* PBXTargetDependency */,
			);
			name = TheMovieKitTests;
			productName = TheMovieKitTests;
			productReference = 15CB1A332BDA4CB8007E6627 /* TheMovieKitTests.xctest */;
			productType = "com.apple.product-type.bundle.unit-test";
		};
/* End PBXNativeTarget section */

/* Begin PBXProject section */
		15CB1A202BDA4CB8007E6627 /* Project object */ = {
			isa = PBXProject;
			attributes = {
				BuildIndependentTargetsInParallel = 1;
				LastUpgradeCheck = 1500;
				TargetAttributes = {
					15CB1A282BDA4CB8007E6627 = {
						CreatedOnToolsVersion = 15.0.1;
					};
					15CB1A322BDA4CB8007E6627 = {
						CreatedOnToolsVersion = 15.0.1;
					};
				};
			};
			buildConfigurationList = 15CB1A232BDA4CB8007E6627 /* Build configuration list for PBXProject "TheMovieKit" */;
			compatibilityVersion = "Xcode 14.0";
			developmentRegion = en;
			hasScannedForEncodings = 0;
			knownRegions = (
				en,
				Base,
			);
			mainGroup = 15CB1A1F2BDA4CB8007E6627;
			productRefGroup = 15CB1A2A2BDA4CB8007E6627 /* Products */;
			projectDirPath = "";
			projectRoot = "";
			targets = (
				15CB1A282BDA4CB8007E6627 /* TheMovieKit */,
				15CB1A322BDA4CB8007E6627 /* TheMovieKitTests */,
			);
		};
/* End PBXProject section */

/* Begin PBXResourcesBuildPhase section */
		15CB1A272BDA4CB8007E6627 /* Resources */ = {
			isa = PBXResourcesBuildPhase;
			buildActionMask = 2147483647;
			files = (
				152E0A912BDB71150052C6EB /* TheMovieKit.storyboard in Resources */,
			);
			runOnlyForDeploymentPostprocessing = 0;
		};
		15CB1A312BDA4CB8007E6627 /* Resources */ = {
			isa = PBXResourcesBuildPhase;
			buildActionMask = 2147483647;
			files = (
			);
			runOnlyForDeploymentPostprocessing = 0;
		};
/* End PBXResourcesBuildPhase section */

/* Begin PBXSourcesBuildPhase section */
		15CB1A252BDA4CB8007E6627 /* Sources */ = {
			isa = PBXSourcesBuildPhase;
			buildActionMask = 2147483647;
			files = (
				156A82502BEDAC9E002D6E4B /* TMMovieList.m in Sources */,
				15E399FA2BDC163B006D53DD /* TMMovieGalleryLayout.m in Sources */,
				156A82482BEDA92B002D6E4B /* TMMovieConfiguration.m in Sources */,
				152E0A8D2BDB6F270052C6EB /* TMMovieGalleryCell.m in Sources */,
				156A824C2BEDAACE002D6E4B /* TMMoviePagination.m in Sources */,
				152E0A7F2BDB6D2E0052C6EB /* TMMovieGalleryModule.m in Sources */,
				152E0A7A2BDB6C4F0052C6EB /* TMMovieGalleryViewController.m in Sources */,
				152E0A5D2BDB02760052C6EB /* TMMovieGalleryInteractor.m in Sources */,
				15CB1A2E2BDA4CB8007E6627 /* TheMovieKit.docc in Sources */,
				152E0A852BDB6EF20052C6EB /* TMMovieGalleryRouter.m in Sources */,
				152E0A892BDB6EFB0052C6EB /* TMMovieGalleryPresenter.m in Sources */,
			);
			runOnlyForDeploymentPostprocessing = 0;
		};
		15CB1A2F2BDA4CB8007E6627 /* Sources */ = {
			isa = PBXSourcesBuildPhase;
			buildActionMask = 2147483647;
			files = (
				15CB1A392BDA4CB8007E6627 /* TheMovieKitTests.m in Sources */,
			);
			runOnlyForDeploymentPostprocessing = 0;
		};
/* End PBXSourcesBuildPhase section */

/* Begin PBXTargetDependency section */
		15CB1A362BDA4CB8007E6627 /* PBXTargetDependency */ = {
			isa = PBXTargetDependency;
			target = 15CB1A282BDA4CB8007E6627 /* TheMovieKit */;
			targetProxy = 15CB1A352BDA4CB8007E6627 /* PBXContainerItemProxy */;
		};
/* End PBXTargetDependency section */

/* Begin PBXVariantGroup section */
		152E0A8F2BDB71150052C6EB /* TheMovieKit.storyboard */ = {
			isa = PBXVariantGroup;
			children = (
				152E0A902BDB71150052C6EB /* Base */,
			);
			name = TheMovieKit.storyboard;
			sourceTree = "<group>";
		};
/* End PBXVariantGroup section */

/* Begin XCBuildConfiguration section */
		15CB1A3B2BDA4CB8007E6627 /* Debug */ = {
			isa = XCBuildConfiguration;
			baseConfigurationReference = 15CB1A4D2BDA4CDA007E6627 /* TheMovieKit-debug.xcconfig */;
			buildSettings = {
				ALWAYS_SEARCH_USER_PATHS = NO;
				ASSETCATALOG_COMPILER_GENERATE_SWIFT_ASSET_SYMBOL_EXTENSIONS = YES;
				CLANG_ANALYZER_NONNULL = YES;
				CLANG_ANALYZER_NUMBER_OBJECT_CONVERSION = YES_AGGRESSIVE;
				CLANG_CXX_LANGUAGE_STANDARD = "gnu++20";
				CLANG_ENABLE_MODULES = YES;
				CLANG_ENABLE_OBJC_ARC = YES;
				CLANG_ENABLE_OBJC_WEAK = YES;
				CLANG_WARN_BLOCK_CAPTURE_AUTORELEASING = YES;
				CLANG_WARN_BOOL_CONVERSION = YES;
				CLANG_WARN_COMMA = YES;
				CLANG_WARN_CONSTANT_CONVERSION = YES;
				CLANG_WARN_DEPRECATED_OBJC_IMPLEMENTATIONS = YES;
				CLANG_WARN_DIRECT_OBJC_ISA_USAGE = YES_ERROR;
				CLANG_WARN_DOCUMENTATION_COMMENTS = YES;
				CLANG_WARN_EMPTY_BODY = YES;
				CLANG_WARN_ENUM_CONVERSION = YES;
				CLANG_WARN_INFINITE_RECURSION = YES;
				CLANG_WARN_INT_CONVERSION = YES;
				CLANG_WARN_NON_LITERAL_NULL_CONVERSION = YES;
				CLANG_WARN_OBJC_IMPLICIT_RETAIN_SELF = YES;
				CLANG_WARN_OBJC_LITERAL_CONVERSION = YES;
				CLANG_WARN_OBJC_ROOT_CLASS = YES_ERROR;
				CLANG_WARN_QUOTED_INCLUDE_IN_FRAMEWORK_HEADER = YES;
				CLANG_WARN_RANGE_LOOP_ANALYSIS = YES;
				CLANG_WARN_STRICT_PROTOTYPES = YES;
				CLANG_WARN_SUSPICIOUS_MOVE = YES;
				CLANG_WARN_UNGUARDED_AVAILABILITY = YES_AGGRESSIVE;
				CLANG_WARN_UNREACHABLE_CODE = YES;
				CLANG_WARN__DUPLICATE_METHOD_MATCH = YES;
				COPY_PHASE_STRIP = NO;
				CURRENT_PROJECT_VERSION = 1;
				DEBUG_INFORMATION_FORMAT = dwarf;
				ENABLE_STRICT_OBJC_MSGSEND = YES;
				ENABLE_TESTABILITY = YES;
				ENABLE_USER_SCRIPT_SANDBOXING = YES;
				GCC_C_LANGUAGE_STANDARD = gnu17;
				GCC_DYNAMIC_NO_PIC = NO;
				GCC_NO_COMMON_BLOCKS = YES;
				GCC_OPTIMIZATION_LEVEL = 0;
				GCC_PREPROCESSOR_DEFINITIONS = (
					"DEBUG=1",
					"$(inherited)",
				);
				GCC_WARN_64_TO_32_BIT_CONVERSION = YES;
				GCC_WARN_ABOUT_RETURN_TYPE = YES_ERROR;
				GCC_WARN_UNDECLARED_SELECTOR = YES;
				GCC_WARN_UNINITIALIZED_AUTOS = YES_AGGRESSIVE;
				GCC_WARN_UNUSED_FUNCTION = YES;
				GCC_WARN_UNUSED_VARIABLE = YES;
				IPHONEOS_DEPLOYMENT_TARGET = 17.0;
				LOCALIZATION_PREFERS_STRING_CATALOGS = YES;
				MTL_ENABLE_DEBUG_INFO = INCLUDE_SOURCE;
				MTL_FAST_MATH = YES;
				ONLY_ACTIVE_ARCH = YES;
				SDKROOT = iphoneos;
				VERSIONING_SYSTEM = "apple-generic";
				VERSION_INFO_PREFIX = "";
			};
			name = Debug;
		};
		15CB1A3C2BDA4CB8007E6627 /* Release */ = {
			isa = XCBuildConfiguration;
			baseConfigurationReference = 15CB1A4E2BDA4CDA007E6627 /* TheMovieKit-release.xcconfig */;
			buildSettings = {
				ALWAYS_SEARCH_USER_PATHS = NO;
				ASSETCATALOG_COMPILER_GENERATE_SWIFT_ASSET_SYMBOL_EXTENSIONS = YES;
				CLANG_ANALYZER_NONNULL = YES;
				CLANG_ANALYZER_NUMBER_OBJECT_CONVERSION = YES_AGGRESSIVE;
				CLANG_CXX_LANGUAGE_STANDARD = "gnu++20";
				CLANG_ENABLE_MODULES = YES;
				CLANG_ENABLE_OBJC_ARC = YES;
				CLANG_ENABLE_OBJC_WEAK = YES;
				CLANG_WARN_BLOCK_CAPTURE_AUTORELEASING = YES;
				CLANG_WARN_BOOL_CONVERSION = YES;
				CLANG_WARN_COMMA = YES;
				CLANG_WARN_CONSTANT_CONVERSION = YES;
				CLANG_WARN_DEPRECATED_OBJC_IMPLEMENTATIONS = YES;
				CLANG_WARN_DIRECT_OBJC_ISA_USAGE = YES_ERROR;
				CLANG_WARN_DOCUMENTATION_COMMENTS = YES;
				CLANG_WARN_EMPTY_BODY = YES;
				CLANG_WARN_ENUM_CONVERSION = YES;
				CLANG_WARN_INFINITE_RECURSION = YES;
				CLANG_WARN_INT_CONVERSION = YES;
				CLANG_WARN_NON_LITERAL_NULL_CONVERSION = YES;
				CLANG_WARN_OBJC_IMPLICIT_RETAIN_SELF = YES;
				CLANG_WARN_OBJC_LITERAL_CONVERSION = YES;
				CLANG_WARN_OBJC_ROOT_CLASS = YES_ERROR;
				CLANG_WARN_QUOTED_INCLUDE_IN_FRAMEWORK_HEADER = YES;
				CLANG_WARN_RANGE_LOOP_ANALYSIS = YES;
				CLANG_WARN_STRICT_PROTOTYPES = YES;
				CLANG_WARN_SUSPICIOUS_MOVE = YES;
				CLANG_WARN_UNGUARDED_AVAILABILITY = YES_AGGRESSIVE;
				CLANG_WARN_UNREACHABLE_CODE = YES;
				CLANG_WARN__DUPLICATE_METHOD_MATCH = YES;
				COPY_PHASE_STRIP = NO;
				CURRENT_PROJECT_VERSION = 1;
				DEBUG_INFORMATION_FORMAT = "dwarf-with-dsym";
				ENABLE_NS_ASSERTIONS = NO;
				ENABLE_STRICT_OBJC_MSGSEND = YES;
				ENABLE_USER_SCRIPT_SANDBOXING = YES;
				GCC_C_LANGUAGE_STANDARD = gnu17;
				GCC_NO_COMMON_BLOCKS = YES;
				GCC_WARN_64_TO_32_BIT_CONVERSION = YES;
				GCC_WARN_ABOUT_RETURN_TYPE = YES_ERROR;
				GCC_WARN_UNDECLARED_SELECTOR = YES;
				GCC_WARN_UNINITIALIZED_AUTOS = YES_AGGRESSIVE;
				GCC_WARN_UNUSED_FUNCTION = YES;
				GCC_WARN_UNUSED_VARIABLE = YES;
				IPHONEOS_DEPLOYMENT_TARGET = 17.0;
				LOCALIZATION_PREFERS_STRING_CATALOGS = YES;
				MTL_ENABLE_DEBUG_INFO = NO;
				MTL_FAST_MATH = YES;
				SDKROOT = iphoneos;
				VALIDATE_PRODUCT = YES;
				VERSIONING_SYSTEM = "apple-generic";
				VERSION_INFO_PREFIX = "";
			};
			name = Release;
		};
		15CB1A3E2BDA4CB8007E6627 /* Debug */ = {
			isa = XCBuildConfiguration;
			baseConfigurationReference = 15CB1A4D2BDA4CDA007E6627 /* TheMovieKit-debug.xcconfig */;
			buildSettings = {
				CODE_SIGN_STYLE = Automatic;
				CURRENT_PROJECT_VERSION = 1;
				DEFINES_MODULE = YES;
				DEVELOPMENT_TEAM = Y86Y58JCK5;
				DYLIB_COMPATIBILITY_VERSION = 1;
				DYLIB_CURRENT_VERSION = 1;
				DYLIB_INSTALL_NAME_BASE = "@rpath";
				ENABLE_MODULE_VERIFIER = YES;
				GENERATE_INFOPLIST_FILE = YES;
				INFOPLIST_KEY_NSHumanReadableCopyright = "";
				INSTALL_PATH = "$(LOCAL_LIBRARY_DIR)/Frameworks";
				LD_RUNPATH_SEARCH_PATHS = (
					"$(inherited)",
					"@executable_path/Frameworks",
					"@loader_path/Frameworks",
				);
				MARKETING_VERSION = 1.0;
				MODULE_VERIFIER_SUPPORTED_LANGUAGES = "objective-c objective-c++";
				MODULE_VERIFIER_SUPPORTED_LANGUAGE_STANDARDS = "gnu17 gnu++20";
				PRODUCT_BUNDLE_IDENTIFIER = io.sergeysgroup.TheMovieKit;
				PRODUCT_NAME = "$(TARGET_NAME:c99extidentifier)";
				SKIP_INSTALL = YES;
				SWIFT_EMIT_LOC_STRINGS = YES;
				TARGETED_DEVICE_FAMILY = "1,2";
			};
			name = Debug;
		};
		15CB1A3F2BDA4CB8007E6627 /* Release */ = {
			isa = XCBuildConfiguration;
			baseConfigurationReference = 15CB1A4E2BDA4CDA007E6627 /* TheMovieKit-release.xcconfig */;
			buildSettings = {
				CODE_SIGN_STYLE = Automatic;
				CURRENT_PROJECT_VERSION = 1;
				DEFINES_MODULE = YES;
				DEVELOPMENT_TEAM = Y86Y58JCK5;
				DYLIB_COMPATIBILITY_VERSION = 1;
				DYLIB_CURRENT_VERSION = 1;
				DYLIB_INSTALL_NAME_BASE = "@rpath";
				ENABLE_MODULE_VERIFIER = YES;
				GENERATE_INFOPLIST_FILE = YES;
				INFOPLIST_KEY_NSHumanReadableCopyright = "";
				INSTALL_PATH = "$(LOCAL_LIBRARY_DIR)/Frameworks";
				LD_RUNPATH_SEARCH_PATHS = (
					"$(inherited)",
					"@executable_path/Frameworks",
					"@loader_path/Frameworks",
				);
				MARKETING_VERSION = 1.0;
				MODULE_VERIFIER_SUPPORTED_LANGUAGES = "objective-c objective-c++";
				MODULE_VERIFIER_SUPPORTED_LANGUAGE_STANDARDS = "gnu17 gnu++20";
				PRODUCT_BUNDLE_IDENTIFIER = io.sergeysgroup.TheMovieKit;
				PRODUCT_NAME = "$(TARGET_NAME:c99extidentifier)";
				SKIP_INSTALL = YES;
				SWIFT_EMIT_LOC_STRINGS = YES;
				TARGETED_DEVICE_FAMILY = "1,2";
			};
			name = Release;
		};
		15CB1A412BDA4CB8007E6627 /* Debug */ = {
			isa = XCBuildConfiguration;
			buildSettings = {
				CODE_SIGN_STYLE = Automatic;
				CURRENT_PROJECT_VERSION = 1;
				DEVELOPMENT_TEAM = Y86Y58JCK5;
				GENERATE_INFOPLIST_FILE = YES;
				MARKETING_VERSION = 1.0;
				PRODUCT_BUNDLE_IDENTIFIER = io.sergeysgroup.TheMovieKitTests;
				PRODUCT_NAME = "$(TARGET_NAME)";
				SWIFT_EMIT_LOC_STRINGS = NO;
				TARGETED_DEVICE_FAMILY = "1,2";
			};
			name = Debug;
		};
		15CB1A422BDA4CB8007E6627 /* Release */ = {
			isa = XCBuildConfiguration;
			buildSettings = {
				CODE_SIGN_STYLE = Automatic;
				CURRENT_PROJECT_VERSION = 1;
				DEVELOPMENT_TEAM = Y86Y58JCK5;
				GENERATE_INFOPLIST_FILE = YES;
				MARKETING_VERSION = 1.0;
				PRODUCT_BUNDLE_IDENTIFIER = io.sergeysgroup.TheMovieKitTests;
				PRODUCT_NAME = "$(TARGET_NAME)";
				SWIFT_EMIT_LOC_STRINGS = NO;
				TARGETED_DEVICE_FAMILY = "1,2";
			};
			name = Release;
		};
/* End XCBuildConfiguration section */

/* Begin XCConfigurationList section */
		15CB1A232BDA4CB8007E6627 /* Build configuration list for PBXProject "TheMovieKit" */ = {
			isa = XCConfigurationList;
			buildConfigurations = (
				15CB1A3B2BDA4CB8007E6627 /* Debug */,
				15CB1A3C2BDA4CB8007E6627 /* Release */,
			);
			defaultConfigurationIsVisible = 0;
			defaultConfigurationName = Release;
		};
		15CB1A3D2BDA4CB8007E6627 /* Build configuration list for PBXNativeTarget "TheMovieKit" */ = {
			isa = XCConfigurationList;
			buildConfigurations = (
				15CB1A3E2BDA4CB8007E6627 /* Debug */,
				15CB1A3F2BDA4CB8007E6627 /* Release */,
			);
			defaultConfigurationIsVisible = 0;
			defaultConfigurationName = Release;
		};
		15CB1A402BDA4CB8007E6627 /* Build configuration list for PBXNativeTarget "TheMovieKitTests" */ = {
			isa = XCConfigurationList;
			buildConfigurations = (
				15CB1A412BDA4CB8007E6627 /* Debug */,
				15CB1A422BDA4CB8007E6627 /* Release */,
			);
			defaultConfigurationIsVisible = 0;
			defaultConfigurationName = Release;
		};
/* End XCConfigurationList section */
	};
	rootObject = 15CB1A202BDA4CB8007E6627 /* Project object */;
}
