// !$*UTF8*$!
{
	archiveVersion = 1;
	classes = {
	};
	objectVersion = 56;
	objects = {

/* Begin PBXBuildFile section */
		15CB19F32BDA441B007E6627 /* TheMovieCore.docc in Sources */ = {isa = PBXBuildFile; fileRef = 15CB19F22BDA441B007E6627 /* TheMovieCore.docc */; };
		15CB19F92BDA441B007E6627 /* TheMovieCore.framework in Frameworks */ = {isa = PBXBuildFile; fileRef = 15CB19EE2BDA441B007E6627 /* TheMovieCore.framework */; };
		15CB19FE2BDA441B007E6627 /* TheMovieCoreTests.m in Sources */ = {isa = PBXBuildFile; fileRef = 15CB19FD2BDA441B007E6627 /* TheMovieCoreTests.m */; };
		15CB19FF2BDA441B007E6627 /* TheMovieCore.h in Headers */ = {isa = PBXBuildFile; fileRef = 15CB19F12BDA441B007E6627 /* TheMovieCore.h */; settings = {ATTRIBUTES = (Public, ); }; };
		15CB1A1D2BDA45F3007E6627 /* MCMovieModel.h in Headers */ = {isa = PBXBuildFile; fileRef = 15CB1A152BDA4456007E6627 /* MCMovieModel.h */; settings = {ATTRIBUTES = (Public, ); }; };
		15CB1A1E2BDA45F8007E6627 /* MCMovieModel.m in Sources */ = {isa = PBXBuildFile; fileRef = 15CB1A162BDA4456007E6627 /* MCMovieModel.m */; };
/* End PBXBuildFile section */

/* Begin PBXContainerItemProxy section */
		15CB19FA2BDA441B007E6627 /* PBXContainerItemProxy */ = {
			isa = PBXContainerItemProxy;
			containerPortal = 15CB19E52BDA441B007E6627 /* Project object */;
			proxyType = 1;
			remoteGlobalIDString = 15CB19ED2BDA441B007E6627;
			remoteInfo = TheMovieCore;
		};
/* End PBXContainerItemProxy section */

/* Begin PBXFileReference section */
		15CB19EE2BDA441B007E6627 /* TheMovieCore.framework */ = {isa = PBXFileReference; explicitFileType = wrapper.framework; includeInIndex = 0; path = TheMovieCore.framework; sourceTree = BUILT_PRODUCTS_DIR; };
		15CB19F12BDA441B007E6627 /* TheMovieCore.h */ = {isa = PBXFileReference; lastKnownFileType = sourcecode.c.h; path = TheMovieCore.h; sourceTree = "<group>"; };
		15CB19F22BDA441B007E6627 /* TheMovieCore.docc */ = {isa = PBXFileReference; lastKnownFileType = folder.documentationcatalog; path = TheMovieCore.docc; sourceTree = "<group>"; };
		15CB19F82BDA441B007E6627 /* TheMovieCoreTests.xctest */ = {isa = PBXFileReference; explicitFileType = wrapper.cfbundle; includeInIndex = 0; path = TheMovieCoreTests.xctest; sourceTree = BUILT_PRODUCTS_DIR; };
		15CB19FD2BDA441B007E6627 /* TheMovieCoreTests.m */ = {isa = PBXFileReference; lastKnownFileType = sourcecode.c.objc; path = TheMovieCoreTests.m; sourceTree = "<group>"; };
		15CB1A152BDA4456007E6627 /* MCMovieModel.h */ = {isa = PBXFileReference; lastKnownFileType = sourcecode.c.h; path = MCMovieModel.h; sourceTree = "<group>"; };
		15CB1A162BDA4456007E6627 /* MCMovieModel.m */ = {isa = PBXFileReference; lastKnownFileType = sourcecode.c.objc; path = MCMovieModel.m; sourceTree = "<group>"; };
		15CB1A192BDA4486007E6627 /* TheMovieCore-debug.xcconfig */ = {isa = PBXFileReference; lastKnownFileType = text.xcconfig; path = "TheMovieCore-debug.xcconfig"; sourceTree = "<group>"; };
		15CB1A1A2BDA4486007E6627 /* TheMovieCore-release.xcconfig */ = {isa = PBXFileReference; lastKnownFileType = text.xcconfig; path = "TheMovieCore-release.xcconfig"; sourceTree = "<group>"; };
/* End PBXFileReference section */

/* Begin PBXFrameworksBuildPhase section */
		15CB19EB2BDA441B007E6627 /* Frameworks */ = {
			isa = PBXFrameworksBuildPhase;
			buildActionMask = 2147483647;
			files = (
			);
			runOnlyForDeploymentPostprocessing = 0;
		};
		15CB19F52BDA441B007E6627 /* Frameworks */ = {
			isa = PBXFrameworksBuildPhase;
			buildActionMask = 2147483647;
			files = (
				15CB19F92BDA441B007E6627 /* TheMovieCore.framework in Frameworks */,
			);
			runOnlyForDeploymentPostprocessing = 0;
		};
/* End PBXFrameworksBuildPhase section */

/* Begin PBXGroup section */
		15CB19E42BDA441B007E6627 = {
			isa = PBXGroup;
			children = (
				15CB1A182BDA4486007E6627 /* Configuration */,
				15CB19F02BDA441B007E6627 /* TheMovieCore */,
				15CB19FC2BDA441B007E6627 /* TheMovieCoreTests */,
				15CB19EF2BDA441B007E6627 /* Products */,
			);
			sourceTree = "<group>";
		};
		15CB19EF2BDA441B007E6627 /* Products */ = {
			isa = PBXGroup;
			children = (
				15CB19EE2BDA441B007E6627 /* TheMovieCore.framework */,
				15CB19F82BDA441B007E6627 /* TheMovieCoreTests.xctest */,
			);
			name = Products;
			sourceTree = "<group>";
		};
		15CB19F02BDA441B007E6627 /* TheMovieCore */ = {
			isa = PBXGroup;
			children = (
				15CB1A112BDA4439007E6627 /* Classes */,
				15CB1A122BDA444A007E6627 /* Resources */,
			);
			path = TheMovieCore;
			sourceTree = "<group>";
		};
		15CB19FC2BDA441B007E6627 /* TheMovieCoreTests */ = {
			isa = PBXGroup;
			children = (
				15CB19FD2BDA441B007E6627 /* TheMovieCoreTests.m */,
			);
			path = TheMovieCoreTests;
			sourceTree = "<group>";
		};
		15CB1A112BDA4439007E6627 /* Classes */ = {
			isa = PBXGroup;
			children = (
				15CB19F12BDA441B007E6627 /* TheMovieCore.h */,
				15CB1A172BDA4456007E6627 /* Models */,
			);
			path = Classes;
			sourceTree = "<group>";
		};
		15CB1A122BDA444A007E6627 /* Resources */ = {
			isa = PBXGroup;
			children = (
				15CB19F22BDA441B007E6627 /* TheMovieCore.docc */,
			);
			path = Resources;
			sourceTree = "<group>";
		};
		15CB1A172BDA4456007E6627 /* Models */ = {
			isa = PBXGroup;
			children = (
				15CB1A152BDA4456007E6627 /* MCMovieModel.h */,
				15CB1A162BDA4456007E6627 /* MCMovieModel.m */,
			);
			path = Models;
			sourceTree = "<group>";
		};
		15CB1A182BDA4486007E6627 /* Configuration */ = {
			isa = PBXGroup;
			children = (
				15CB1A1A2BDA4486007E6627 /* TheMovieCore-release.xcconfig */,
				15CB1A192BDA4486007E6627 /* TheMovieCore-debug.xcconfig */,
			);
			path = Configuration;
			sourceTree = "<group>";
		};
/* End PBXGroup section */

/* Begin PBXHeadersBuildPhase section */
		15CB19E92BDA441B007E6627 /* Headers */ = {
			isa = PBXHeadersBuildPhase;
			buildActionMask = 2147483647;
			files = (
				15CB19FF2BDA441B007E6627 /* TheMovieCore.h in Headers */,
				15CB1A1D2BDA45F3007E6627 /* MCMovieModel.h in Headers */,
			);
			runOnlyForDeploymentPostprocessing = 0;
		};
/* End PBXHeadersBuildPhase section */

/* Begin PBXNativeTarget section */
		15CB19ED2BDA441B007E6627 /* TheMovieCore */ = {
			isa = PBXNativeTarget;
			buildConfigurationList = 15CB1A022BDA441B007E6627 /* Build configuration list for PBXNativeTarget "TheMovieCore" */;
			buildPhases = (
				15CB19E92BDA441B007E6627 /* Headers */,
				15CB19EA2BDA441B007E6627 /* Sources */,
				15CB19EB2BDA441B007E6627 /* Frameworks */,
				15CB19EC2BDA441B007E6627 /* Resources */,
			);
			buildRules = (
			);
			dependencies = (
			);
			name = TheMovieCore;
			productName = TheMovieCore;
			productReference = 15CB19EE2BDA441B007E6627 /* TheMovieCore.framework */;
			productType = "com.apple.product-type.framework";
		};
		15CB19F72BDA441B007E6627 /* TheMovieCoreTests */ = {
			isa = PBXNativeTarget;
			buildConfigurationList = 15CB1A052BDA441B007E6627 /* Build configuration list for PBXNativeTarget "TheMovieCoreTests" */;
			buildPhases = (
				15CB19F42BDA441B007E6627 /* Sources */,
				15CB19F52BDA441B007E6627 /* Frameworks */,
				15CB19F62BDA441B007E6627 /* Resources */,
			);
			buildRules = (
			);
			dependencies = (
				15CB19FB2BDA441B007E6627 /* PBXTargetDependency */,
			);
			name = TheMovieCoreTests;
			productName = TheMovieCoreTests;
			productReference = 15CB19F82BDA441B007E6627 /* TheMovieCoreTests.xctest */;
			productType = "com.apple.product-type.bundle.unit-test";
		};
/* End PBXNativeTarget section */

/* Begin PBXProject section */
		15CB19E52BDA441B007E6627 /* Project object */ = {
			isa = PBXProject;
			attributes = {
				BuildIndependentTargetsInParallel = 1;
				LastUpgradeCheck = 1500;
				TargetAttributes = {
					15CB19ED2BDA441B007E6627 = {
						CreatedOnToolsVersion = 15.0.1;
					};
					15CB19F72BDA441B007E6627 = {
						CreatedOnToolsVersion = 15.0.1;
					};
				};
			};
			buildConfigurationList = 15CB19E82BDA441B007E6627 /* Build configuration list for PBXProject "TheMovieCore" */;
			compatibilityVersion = "Xcode 14.0";
			developmentRegion = en;
			hasScannedForEncodings = 0;
			knownRegions = (
				en,
				Base,
			);
			mainGroup = 15CB19E42BDA441B007E6627;
			productRefGroup = 15CB19EF2BDA441B007E6627 /* Products */;
			projectDirPath = "";
			projectRoot = "";
			targets = (
				15CB19ED2BDA441B007E6627 /* TheMovieCore */,
				15CB19F72BDA441B007E6627 /* TheMovieCoreTests */,
			);
		};
/* End PBXProject section */

/* Begin PBXResourcesBuildPhase section */
		15CB19EC2BDA441B007E6627 /* Resources */ = {
			isa = PBXResourcesBuildPhase;
			buildActionMask = 2147483647;
			files = (
			);
			runOnlyForDeploymentPostprocessing = 0;
		};
		15CB19F62BDA441B007E6627 /* Resources */ = {
			isa = PBXResourcesBuildPhase;
			buildActionMask = 2147483647;
			files = (
			);
			runOnlyForDeploymentPostprocessing = 0;
		};
/* End PBXResourcesBuildPhase section */

/* Begin PBXSourcesBuildPhase section */
		15CB19EA2BDA441B007E6627 /* Sources */ = {
			isa = PBXSourcesBuildPhase;
			buildActionMask = 2147483647;
			files = (
				15CB19F32BDA441B007E6627 /* TheMovieCore.docc in Sources */,
				15CB1A1E2BDA45F8007E6627 /* MCMovieModel.m in Sources */,
			);
			runOnlyForDeploymentPostprocessing = 0;
		};
		15CB19F42BDA441B007E6627 /* Sources */ = {
			isa = PBXSourcesBuildPhase;
			buildActionMask = 2147483647;
			files = (
				15CB19FE2BDA441B007E6627 /* TheMovieCoreTests.m in Sources */,
			);
			runOnlyForDeploymentPostprocessing = 0;
		};
/* End PBXSourcesBuildPhase section */

/* Begin PBXTargetDependency section */
		15CB19FB2BDA441B007E6627 /* PBXTargetDependency */ = {
			isa = PBXTargetDependency;
			target = 15CB19ED2BDA441B007E6627 /* TheMovieCore */;
			targetProxy = 15CB19FA2BDA441B007E6627 /* PBXContainerItemProxy */;
		};
/* End PBXTargetDependency section */

/* Begin XCBuildConfiguration section */
		15CB1A002BDA441B007E6627 /* Debug */ = {
			isa = XCBuildConfiguration;
			baseConfigurationReference = 15CB1A192BDA4486007E6627 /* TheMovieCore-debug.xcconfig */;
			buildSettings = {
				ALWAYS_SEARCH_USER_PATHS = NO;
				ASSETCATALOG_COMPILER_GENERATE_SWIFT_ASSET_SYMBOL_EXTENSIONS = YES;
				CLANG_ANALYZER_NONNULL = YES;
				CLANG_ANALYZER_NUMBER_OBJECT_CONVERSION = YES_AGGRESSIVE;
				CLANG_CXX_LANGUAGE_STANDARD = "gnu++20";
				CLANG_ENABLE_MODULES = YES;
				CLANG_ENABLE_OBJC_ARC = YES;
				CLANG_ENABLE_OBJC_WEAK = YES;
				CLANG_WARN_BLOCK_CAPTURE_AUTORELEASING = YES;
				CLANG_WARN_BOOL_CONVERSION = YES;
				CLANG_WARN_COMMA = YES;
				CLANG_WARN_CONSTANT_CONVERSION = YES;
				CLANG_WARN_DEPRECATED_OBJC_IMPLEMENTATIONS = YES;
				CLANG_WARN_DIRECT_OBJC_ISA_USAGE = YES_ERROR;
				CLANG_WARN_DOCUMENTATION_COMMENTS = YES;
				CLANG_WARN_EMPTY_BODY = YES;
				CLANG_WARN_ENUM_CONVERSION = YES;
				CLANG_WARN_INFINITE_RECURSION = YES;
				CLANG_WARN_INT_CONVERSION = YES;
				CLANG_WARN_NON_LITERAL_NULL_CONVERSION = YES;
				CLANG_WARN_OBJC_IMPLICIT_RETAIN_SELF = YES;
				CLANG_WARN_OBJC_LITERAL_CONVERSION = YES;
				CLANG_WARN_OBJC_ROOT_CLASS = YES_ERROR;
				CLANG_WARN_QUOTED_INCLUDE_IN_FRAMEWORK_HEADER = YES;
				CLANG_WARN_RANGE_LOOP_ANALYSIS = YES;
				CLANG_WARN_STRICT_PROTOTYPES = YES;
				CLANG_WARN_SUSPICIOUS_MOVE = YES;
				CLANG_WARN_UNGUARDED_AVAILABILITY = YES_AGGRESSIVE;
				CLANG_WARN_UNREACHABLE_CODE = YES;
				CLANG_WARN__DUPLICATE_METHOD_MATCH = YES;
				COPY_PHASE_STRIP = NO;
				CURRENT_PROJECT_VERSION = 1;
				DEBUG_INFORMATION_FORMAT = dwarf;
				ENABLE_STRICT_OBJC_MSGSEND = YES;
				ENABLE_TESTABILITY = YES;
				ENABLE_USER_SCRIPT_SANDBOXING = YES;
				GCC_C_LANGUAGE_STANDARD = gnu17;
				GCC_DYNAMIC_NO_PIC = NO;
				GCC_NO_COMMON_BLOCKS = YES;
				GCC_OPTIMIZATION_LEVEL = 0;
				GCC_PREPROCESSOR_DEFINITIONS = (
					"DEBUG=1",
					"$(inherited)",
				);
				GCC_WARN_64_TO_32_BIT_CONVERSION = YES;
				GCC_WARN_ABOUT_RETURN_TYPE = YES_ERROR;
				GCC_WARN_UNDECLARED_SELECTOR = YES;
				GCC_WARN_UNINITIALIZED_AUTOS = YES_AGGRESSIVE;
				GCC_WARN_UNUSED_FUNCTION = YES;
				GCC_WARN_UNUSED_VARIABLE = YES;
				IPHONEOS_DEPLOYMENT_TARGET = 17.0;
				LOCALIZATION_PREFERS_STRING_CATALOGS = YES;
				MTL_ENABLE_DEBUG_INFO = INCLUDE_SOURCE;
				MTL_FAST_MATH = YES;
				ONLY_ACTIVE_ARCH = YES;
				SDKROOT = iphoneos;
				VERSIONING_SYSTEM = "apple-generic";
				VERSION_INFO_PREFIX = "";
			};
			name = Debug;
		};
		15CB1A012BDA441B007E6627 /* Release */ = {
			isa = XCBuildConfiguration;
			baseConfigurationReference = 15CB1A1A2BDA4486007E6627 /* TheMovieCore-release.xcconfig */;
			buildSettings = {
				ALWAYS_SEARCH_USER_PATHS = NO;
				ASSETCATALOG_COMPILER_GENERATE_SWIFT_ASSET_SYMBOL_EXTENSIONS = YES;
				CLANG_ANALYZER_NONNULL = YES;
				CLANG_ANALYZER_NUMBER_OBJECT_CONVERSION = YES_AGGRESSIVE;
				CLANG_CXX_LANGUAGE_STANDARD = "gnu++20";
				CLANG_ENABLE_MODULES = YES;
				CLANG_ENABLE_OBJC_ARC = YES;
				CLANG_ENABLE_OBJC_WEAK = YES;
				CLANG_WARN_BLOCK_CAPTURE_AUTORELEASING = YES;
				CLANG_WARN_BOOL_CONVERSION = YES;
				CLANG_WARN_COMMA = YES;
				CLANG_WARN_CONSTANT_CONVERSION = YES;
				CLANG_WARN_DEPRECATED_OBJC_IMPLEMENTATIONS = YES;
				CLANG_WARN_DIRECT_OBJC_ISA_USAGE = YES_ERROR;
				CLANG_WARN_DOCUMENTATION_COMMENTS = YES;
				CLANG_WARN_EMPTY_BODY = YES;
				CLANG_WARN_ENUM_CONVERSION = YES;
				CLANG_WARN_INFINITE_RECURSION = YES;
				CLANG_WARN_INT_CONVERSION = YES;
				CLANG_WARN_NON_LITERAL_NULL_CONVERSION = YES;
				CLANG_WARN_OBJC_IMPLICIT_RETAIN_SELF = YES;
				CLANG_WARN_OBJC_LITERAL_CONVERSION = YES;
				CLANG_WARN_OBJC_ROOT_CLASS = YES_ERROR;
				CLANG_WARN_QUOTED_INCLUDE_IN_FRAMEWORK_HEADER = YES;
				CLANG_WARN_RANGE_LOOP_ANALYSIS = YES;
				CLANG_WARN_STRICT_PROTOTYPES = YES;
				CLANG_WARN_SUSPICIOUS_MOVE = YES;
				CLANG_WARN_UNGUARDED_AVAILABILITY = YES_AGGRESSIVE;
				CLANG_WARN_UNREACHABLE_CODE = YES;
				CLANG_WARN__DUPLICATE_METHOD_MATCH = YES;
				COPY_PHASE_STRIP = NO;
				CURRENT_PROJECT_VERSION = 1;
				DEBUG_INFORMATION_FORMAT = "dwarf-with-dsym";
				ENABLE_NS_ASSERTIONS = NO;
				ENABLE_STRICT_OBJC_MSGSEND = YES;
				ENABLE_USER_SCRIPT_SANDBOXING = YES;
				GCC_C_LANGUAGE_STANDARD = gnu17;
				GCC_NO_COMMON_BLOCKS = YES;
				GCC_WARN_64_TO_32_BIT_CONVERSION = YES;
				GCC_WARN_ABOUT_RETURN_TYPE = YES_ERROR;
				GCC_WARN_UNDECLARED_SELECTOR = YES;
				GCC_WARN_UNINITIALIZED_AUTOS = YES_AGGRESSIVE;
				GCC_WARN_UNUSED_FUNCTION = YES;
				GCC_WARN_UNUSED_VARIABLE = YES;
				IPHONEOS_DEPLOYMENT_TARGET = 17.0;
				LOCALIZATION_PREFERS_STRING_CATALOGS = YES;
				MTL_ENABLE_DEBUG_INFO = NO;
				MTL_FAST_MATH = YES;
				SDKROOT = iphoneos;
				VALIDATE_PRODUCT = YES;
				VERSIONING_SYSTEM = "apple-generic";
				VERSION_INFO_PREFIX = "";
			};
			name = Release;
		};
		15CB1A032BDA441B007E6627 /* Debug */ = {
			isa = XCBuildConfiguration;
			baseConfigurationReference = 15CB1A192BDA4486007E6627 /* TheMovieCore-debug.xcconfig */;
			buildSettings = {
				CODE_SIGN_STYLE = Automatic;
				CURRENT_PROJECT_VERSION = 1;
				DEFINES_MODULE = YES;
				DEVELOPMENT_TEAM = Y86Y58JCK5;
				DYLIB_COMPATIBILITY_VERSION = 1;
				DYLIB_CURRENT_VERSION = 1;
				DYLIB_INSTALL_NAME_BASE = "@rpath";
				ENABLE_MODULE_VERIFIER = YES;
				GENERATE_INFOPLIST_FILE = YES;
				INFOPLIST_KEY_NSHumanReadableCopyright = "";
				INSTALL_PATH = "$(LOCAL_LIBRARY_DIR)/Frameworks";
				LD_RUNPATH_SEARCH_PATHS = (
					"$(inherited)",
					"@executable_path/Frameworks",
					"@loader_path/Frameworks",
				);
				MARKETING_VERSION = 1.0;
				MODULE_VERIFIER_SUPPORTED_LANGUAGES = "objective-c objective-c++";
				MODULE_VERIFIER_SUPPORTED_LANGUAGE_STANDARDS = "gnu17 gnu++20";
				PRODUCT_BUNDLE_IDENTIFIER = io.sergeysgroup.TheMovieCore;
				PRODUCT_NAME = "$(TARGET_NAME:c99extidentifier)";
				SKIP_INSTALL = YES;
				SWIFT_EMIT_LOC_STRINGS = YES;
				TARGETED_DEVICE_FAMILY = "1,2";
			};
			name = Debug;
		};
		15CB1A042BDA441B007E6627 /* Release */ = {
			isa = XCBuildConfiguration;
			baseConfigurationReference = 15CB1A1A2BDA4486007E6627 /* TheMovieCore-release.xcconfig */;
			buildSettings = {
				CODE_SIGN_STYLE = Automatic;
				CURRENT_PROJECT_VERSION = 1;
				DEFINES_MODULE = YES;
				DEVELOPMENT_TEAM = Y86Y58JCK5;
				DYLIB_COMPATIBILITY_VERSION = 1;
				DYLIB_CURRENT_VERSION = 1;
				DYLIB_INSTALL_NAME_BASE = "@rpath";
				ENABLE_MODULE_VERIFIER = YES;
				GENERATE_INFOPLIST_FILE = YES;
				INFOPLIST_KEY_NSHumanReadableCopyright = "";
				INSTALL_PATH = "$(LOCAL_LIBRARY_DIR)/Frameworks";
				LD_RUNPATH_SEARCH_PATHS = (
					"$(inherited)",
					"@executable_path/Frameworks",
					"@loader_path/Frameworks",
				);
				MARKETING_VERSION = 1.0;
				MODULE_VERIFIER_SUPPORTED_LANGUAGES = "objective-c objective-c++";
				MODULE_VERIFIER_SUPPORTED_LANGUAGE_STANDARDS = "gnu17 gnu++20";
				PRODUCT_BUNDLE_IDENTIFIER = io.sergeysgroup.TheMovieCore;
				PRODUCT_NAME = "$(TARGET_NAME:c99extidentifier)";
				SKIP_INSTALL = YES;
				SWIFT_EMIT_LOC_STRINGS = YES;
				TARGETED_DEVICE_FAMILY = "1,2";
			};
			name = Release;
		};
		15CB1A062BDA441B007E6627 /* Debug */ = {
			isa = XCBuildConfiguration;
			buildSettings = {
				CODE_SIGN_STYLE = Automatic;
				CURRENT_PROJECT_VERSION = 1;
				DEVELOPMENT_TEAM = Y86Y58JCK5;
				GENERATE_INFOPLIST_FILE = YES;
				MARKETING_VERSION = 1.0;
				PRODUCT_BUNDLE_IDENTIFIER = io.sergeysgroup.TheMovieCoreTests;
				PRODUCT_NAME = "$(TARGET_NAME)";
				SWIFT_EMIT_LOC_STRINGS = NO;
				TARGETED_DEVICE_FAMILY = "1,2";
			};
			name = Debug;
		};
		15CB1A072BDA441B007E6627 /* Release */ = {
			isa = XCBuildConfiguration;
			buildSettings = {
				CODE_SIGN_STYLE = Automatic;
				CURRENT_PROJECT_VERSION = 1;
				DEVELOPMENT_TEAM = Y86Y58JCK5;
				GENERATE_INFOPLIST_FILE = YES;
				MARKETING_VERSION = 1.0;
				PRODUCT_BUNDLE_IDENTIFIER = io.sergeysgroup.TheMovieCoreTests;
				PRODUCT_NAME = "$(TARGET_NAME)";
				SWIFT_EMIT_LOC_STRINGS = NO;
				TARGETED_DEVICE_FAMILY = "1,2";
			};
			name = Release;
		};
/* End XCBuildConfiguration section */

/* Begin XCConfigurationList section */
		15CB19E82BDA441B007E6627 /* Build configuration list for PBXProject "TheMovieCore" */ = {
			isa = XCConfigurationList;
			buildConfigurations = (
				15CB1A002BDA441B007E6627 /* Debug */,
				15CB1A012BDA441B007E6627 /* Release */,
			);
			defaultConfigurationIsVisible = 0;
			defaultConfigurationName = Release;
		};
		15CB1A022BDA441B007E6627 /* Build configuration list for PBXNativeTarget "TheMovieCore" */ = {
			isa = XCConfigurationList;
			buildConfigurations = (
				15CB1A032BDA441B007E6627 /* Debug */,
				15CB1A042BDA441B007E6627 /* Release */,
			);
			defaultConfigurationIsVisible = 0;
			defaultConfigurationName = Release;
		};
		15CB1A052BDA441B007E6627 /* Build configuration list for PBXNativeTarget "TheMovieCoreTests" */ = {
			isa = XCConfigurationList;
			buildConfigurations = (
				15CB1A062BDA441B007E6627 /* Debug */,
				15CB1A072BDA441B007E6627 /* Release */,
			);
			defaultConfigurationIsVisible = 0;
			defaultConfigurationName = Release;
		};
/* End XCConfigurationList section */
	};
	rootObject = 15CB19E52BDA441B007E6627 /* Project object */;
}
